
Microsoft Visual Studio Solution File, Format Version 12.00
# Visual Studio Version 16
VisualStudioVersion = 16.0.33328.57
MinimumVisualStudioVersion = 10.0.40219.1
Project("{FAE04EC0-301F-11D3-BF4B-00C04F79EFBC}") = "5thMeet", "5thMeet.csproj", "{8E51C75E-D684-4525-8E52-2E96AB7CD806}"
EndProject
Global
	GlobalSection(SolutionConfigurationPlatforms) = preSolution
		Debug|Any CPU = Debug|Any CPU
		Release|Any CPU = Release|Any CPU
	EndGlobalSection
	GlobalSection(ProjectConfigurationPlatforms) = postSolution
		{8E51C75E-D684-4525-8E52-2E96AB7CD806}.Debug|Any CPU.ActiveCfg = Debug|Any CPU
		{8E51C75E-D684-4525-8E52-2E96AB7CD806}.Debug|Any CPU.Build.0 = Debug|Any CPU
		{8E51C75E-D684-4525-8E52-2E96AB7CD806}.Release|Any CPU.ActiveCfg = Release|Any CPU
		{8E51C75E-D684-4525-8E52-2E96AB7CD806}.Release|Any CPU.Build.0 = Release|Any CPU
	EndGlobalSection
	GlobalSection(SolutionProperties) = preSolution
		HideSolutionNode = FALSE
	EndGlobalSection
	GlobalSection(ExtensibilityGlobals) = postSolution
		SolutionGuid = {5CEE012D-4F21-4FFC-B2DE-45395A28FD4C}
	EndGlobalSection
EndGlobal
